
Microsoft Visual Studio Solution File, Format Version 12.00
# Visual Studio 15
VisualStudioVersion = 15.0.28307.1231
MinimumVisualStudioVersion = 10.0.40219.1
Project("{FAE04EC0-301F-11D3-BF4B-00C04F79EFBC}") = "AspCitylink", "AspCitylink\AspCitylink.csproj", "{1BC10631-6FB6-4D83-BA45-F55F540FC093}"
EndProject
Project("{FAE04EC0-301F-11D3-BF4B-00C04F79EFBC}") = "WinFormsCitylinkGrabber", "WinFormsCitylinkGrabber\WinFormsCitylinkGrabber.csproj", "{0217146B-2D05-4B06-B6AA-BD7599ED0142}"
EndProject
Global
	GlobalSection(SolutionConfigurationPlatforms) = preSolution
		Debug|Any CPU = Debug|Any CPU
		Release|Any CPU = Release|Any CPU
	EndGlobalSection
	GlobalSection(ProjectConfigurationPlatforms) = postSolution
		{1BC10631-6FB6-4D83-BA45-F55F540FC093}.Debug|Any CPU.ActiveCfg = Debug|Any CPU
		{1BC10631-6FB6-4D83-BA45-F55F540FC093}.Debug|Any CPU.Build.0 = Debug|Any CPU
		{1BC10631-6FB6-4D83-BA45-F55F540FC093}.Release|Any CPU.ActiveCfg = Release|Any CPU
		{1BC10631-6FB6-4D83-BA45-F55F540FC093}.Release|Any CPU.Build.0 = Release|Any CPU
		{0217146B-2D05-4B06-B6AA-BD7599ED0142}.Debug|Any CPU.ActiveCfg = Debug|Any CPU
		{0217146B-2D05-4B06-B6AA-BD7599ED0142}.Debug|Any CPU.Build.0 = Debug|Any CPU
		{0217146B-2D05-4B06-B6AA-BD7599ED0142}.Release|Any CPU.ActiveCfg = Release|Any CPU
		{0217146B-2D05-4B06-B6AA-BD7599ED0142}.Release|Any CPU.Build.0 = Release|Any CPU
	EndGlobalSection
	GlobalSection(SolutionProperties) = preSolution
		HideSolutionNode = FALSE
	EndGlobalSection
	GlobalSection(ExtensibilityGlobals) = postSolution
		SolutionGuid = {F3870D03-80DD-4522-B13B-B7A794301F3E}
	EndGlobalSection
EndGlobal
